// !$*UTF8*$!
{
	archiveVersion = 1;
	classes = {
	};
	objectVersion = 46;
	objects = {

/* Begin PBXBuildFile section */
		811254E01E96E0F600C8E0FA /* AppDelegate.swift in Sources */ = {isa = PBXBuildFile; fileRef = 811254DF1E96E0F600C8E0FA /* AppDelegate.swift */; };
		811254E21E96E0F600C8E0FA /* HomeVC.swift in Sources */ = {isa = PBXBuildFile; fileRef = 811254E11E96E0F600C8E0FA /* HomeVC.swift */; };
		811254E51E96E0F600C8E0FA /* Main.storyboard in Resources */ = {isa = PBXBuildFile; fileRef = 811254E31E96E0F600C8E0FA /* Main.storyboard */; };
		811254E71E96E0F600C8E0FA /* Assets.xcassets in Resources */ = {isa = PBXBuildFile; fileRef = 811254E61E96E0F600C8E0FA /* Assets.xcassets */; };
		811254EA1E96E0F600C8E0FA /* LaunchScreen.storyboard in Resources */ = {isa = PBXBuildFile; fileRef = 811254E81E96E0F600C8E0FA /* LaunchScreen.storyboard */; };
/* End PBXBuildFile section */

/* Begin PBXFileReference section */
		811254DC1E96E0F600C8E0FA /* Pact-iOS.app */ = {isa = PBXFileReference; explicitFileType = wrapper.application; includeInIndex = 0; path = "Pact-iOS.app"; sourceTree = BUILT_PRODUCTS_DIR; };
		811254DF1E96E0F600C8E0FA /* AppDelegate.swift */ = {isa = PBXFileReference; lastKnownFileType = sourcecode.swift; path = AppDelegate.swift; sourceTree = "<group>"; };
		811254E11E96E0F600C8E0FA /* HomeVC.swift */ = {isa = PBXFileReference; lastKnownFileType = sourcecode.swift; path = HomeVC.swift; sourceTree = "<group>"; };
		811254E41E96E0F600C8E0FA /* Base */ = {isa = PBXFileReference; lastKnownFileType = file.storyboard; name = Base; path = Base.lproj/Main.storyboard; sourceTree = "<group>"; };
		811254E61E96E0F600C8E0FA /* Assets.xcassets */ = {isa = PBXFileReference; lastKnownFileType = folder.assetcatalog; path = Assets.xcassets; sourceTree = "<group>"; };
		811254E91E96E0F600C8E0FA /* Base */ = {isa = PBXFileReference; lastKnownFileType = file.storyboard; name = Base; path = Base.lproj/LaunchScreen.storyboard; sourceTree = "<group>"; };
		811254EB1E96E0F600C8E0FA /* Info.plist */ = {isa = PBXFileReference; lastKnownFileType = text.plist.xml; path = Info.plist; sourceTree = "<group>"; };
/* End PBXFileReference section */

/* Begin PBXFrameworksBuildPhase section */
		811254D91E96E0F600C8E0FA /* Frameworks */ = {
			isa = PBXFrameworksBuildPhase;
			buildActionMask = 2147483647;
			files = (
			);
			runOnlyForDeploymentPostprocessing = 0;
		};
/* End PBXFrameworksBuildPhase section */

/* Begin PBXGroup section */
		811254D31E96E0F600C8E0FA = {
			isa = PBXGroup;
			children = (
				811254DE1E96E0F600C8E0FA /* Pact-iOS */,
				811254DD1E96E0F600C8E0FA /* Products */,
			);
			sourceTree = "<group>";
		};
		811254DD1E96E0F600C8E0FA /* Products */ = {
			isa = PBXGroup;
			children = (
				811254DC1E96E0F600C8E0FA /* Pact-iOS.app */,
			);
			name = Products;
			sourceTree = "<group>";
		};
		811254DE1E96E0F600C8E0FA /* Pact-iOS */ = {
			isa = PBXGroup;
			children = (
				811254F31E96E14400C8E0FA /* Controller */,
				811254F21E96E13700C8E0FA /* View */,
				811254F11E96E13100C8E0FA /* Model */,
				811254DF1E96E0F600C8E0FA /* AppDelegate.swift */,
				811254E31E96E0F600C8E0FA /* Main.storyboard */,
				811254E61E96E0F600C8E0FA /* Assets.xcassets */,
				811254E81E96E0F600C8E0FA /* LaunchScreen.storyboard */,
				811254EB1E96E0F600C8E0FA /* Info.plist */,
			);
			path = "Pact-iOS";
			sourceTree = "<group>";
		};
		811254F11E96E13100C8E0FA /* Model */ = {
			isa = PBXGroup;
			children = (
			);
			name = Model;
			sourceTree = "<group>";
		};
		811254F21E96E13700C8E0FA /* View */ = {
			isa = PBXGroup;
			children = (
				811254E11E96E0F600C8E0FA /* HomeVC.swift */,
			);
			name = View;
			sourceTree = "<group>";
		};
		811254F31E96E14400C8E0FA /* Controller */ = {
			isa = PBXGroup;
			children = (
			);
			name = Controller;
			sourceTree = "<group>";
		};
/* End PBXGroup section */

/* Begin PBXNativeTarget section */
		811254DB1E96E0F600C8E0FA /* Pact-iOS */ = {
			isa = PBXNativeTarget;
			buildConfigurationList = 811254EE1E96E0F600C8E0FA /* Build configuration list for PBXNativeTarget "Pact-iOS" */;
			buildPhases = (
				811254D81E96E0F600C8E0FA /* Sources */,
				811254D91E96E0F600C8E0FA /* Frameworks */,
				811254DA1E96E0F600C8E0FA /* Resources */,
			);
			buildRules = (
			);
			dependencies = (
			);
			name = "Pact-iOS";
			productName = "Pact-iOS";
			productReference = 811254DC1E96E0F600C8E0FA /* Pact-iOS.app */;
			productType = "com.apple.product-type.application";
		};
/* End PBXNativeTarget section */

/* Begin PBXProject section */
		811254D41E96E0F600C8E0FA /* Project object */ = {
			isa = PBXProject;
			attributes = {
				LastSwiftUpdateCheck = 0820;
				LastUpgradeCheck = 0820;
				ORGANIZATIONNAME = matt;
				TargetAttributes = {
					811254DB1E96E0F600C8E0FA = {
						CreatedOnToolsVersion = 8.2.1;
						DevelopmentTeam = NA985JN7DN;
						ProvisioningStyle = Automatic;
					};
				};
			};
			buildConfigurationList = 811254D71E96E0F600C8E0FA /* Build configuration list for PBXProject "Pact-iOS" */;
			compatibilityVersion = "Xcode 3.2";
			developmentRegion = English;
			hasScannedForEncodings = 0;
			knownRegions = (
				en,
				Base,
			);
			mainGroup = 811254D31E96E0F600C8E0FA;
			productRefGroup = 811254DD1E96E0F600C8E0FA /* Products */;
			projectDirPath = "";
			projectRoot = "";
			targets = (
				811254DB1E96E0F600C8E0FA /* Pact-iOS */,
			);
		};
/* End PBXProject section */

/* Begin PBXResourcesBuildPhase section */
		811254DA1E96E0F600C8E0FA /* Resources */ = {
			isa = PBXResourcesBuildPhase;
			buildActionMask = 2147483647;
			files = (
				811254EA1E96E0F600C8E0FA /* LaunchScreen.storyboard in Resources */,
				811254E71E96E0F600C8E0FA /* Assets.xcassets in Resources */,
				811254E51E96E0F600C8E0FA /* Main.storyboard in Resources */,
			);
			runOnlyForDeploymentPostprocessing = 0;
		};
/* End PBXResourcesBuildPhase section */

/* Begin PBXSourcesBuildPhase section */
		811254D81E96E0F600C8E0FA /* Sources */ = {
			isa = PBXSourcesBuildPhase;
			buildActionMask = 2147483647;
			files = (
				811254E21E96E0F600C8E0FA /* HomeVC.swift in Sources */,
				811254E01E96E0F600C8E0FA /* AppDelegate.swift in Sources */,
			);
			runOnlyForDeploymentPostprocessing = 0;
		};
/* End PBXSourcesBuildPhase section */

/* Begin PBXVariantGroup section */
		811254E31E96E0F600C8E0FA /* Main.storyboard */ = {
			isa = PBXVariantGroup;
			children = (
				811254E41E96E0F600C8E0FA /* Base */,
			);
			name = Main.storyboard;
			sourceTree = "<group>";
		};
		811254E81E96E0F600C8E0FA /* LaunchScreen.storyboard */ = {
			isa = PBXVariantGroup;
			children = (
				811254E91E96E0F600C8E0FA /* Base */,
			);
			name = LaunchScreen.storyboard;
			sourceTree = "<group>";
		};
/* End PBXVariantGroup section */

/* Begin XCBuildConfiguration section */
		811254EC1E96E0F600C8E0FA /* Debug */ = {
			isa = XCBuildConfiguration;
			buildSettings = {
				ALWAYS_SEARCH_USER_PATHS = NO;
				CLANG_ANALYZER_NONNULL = YES;
				CLANG_CXX_LANGUAGE_STANDARD = "gnu++0x";
				CLANG_CXX_LIBRARY = "libc++";
				CLANG_ENABLE_MODULES = YES;
				CLANG_ENABLE_OBJC_ARC = YES;
				CLANG_WARN_BOOL_CONVERSION = YES;
				CLANG_WARN_CONSTANT_CONVERSION = YES;
				CLANG_WARN_DIRECT_OBJC_ISA_USAGE = YES_ERROR;
				CLANG_WARN_DOCUMENTATION_COMMENTS = YES;
				CLANG_WARN_EMPTY_BODY = YES;
				CLANG_WARN_ENUM_CONVERSION = YES;
				CLANG_WARN_INFINITE_RECURSION = YES;
				CLANG_WARN_INT_CONVERSION = YES;
				CLANG_WARN_OBJC_ROOT_CLASS = YES_ERROR;
				CLANG_WARN_SUSPICIOUS_MOVE = YES;
				CLANG_WARN_UNREACHABLE_CODE = YES;
				CLANG_WARN__DUPLICATE_METHOD_MATCH = YES;
				"CODE_SIGN_IDENTITY[sdk=iphoneos*]" = "iPhone Developer";
				COPY_PHASE_STRIP = NO;
				DEBUG_INFORMATION_FORMAT = dwarf;
				ENABLE_STRICT_OBJC_MSGSEND = YES;
				ENABLE_TESTABILITY = YES;
				GCC_C_LANGUAGE_STANDARD = gnu99;
				GCC_DYNAMIC_NO_PIC = NO;
				GCC_NO_COMMON_BLOCKS = YES;
				GCC_OPTIMIZATION_LEVEL = 0;
				GCC_PREPROCESSOR_DEFINITIONS = (
					"DEBUG=1",
					"$(inherited)",
				);
				GCC_WARN_64_TO_32_BIT_CONVERSION = YES;
				GCC_WARN_ABOUT_RETURN_TYPE = YES_ERROR;
				GCC_WARN_UNDECLARED_SELECTOR = YES;
				GCC_WARN_UNINITIALIZED_AUTOS = YES_AGGRESSIVE;
				GCC_WARN_UNUSED_FUNCTION = YES;
				GCC_WARN_UNUSED_VARIABLE = YES;
				IPHONEOS_DEPLOYMENT_TARGET = 10.2;
				MTL_ENABLE_DEBUG_INFO = YES;
				ONLY_ACTIVE_ARCH = YES;
				SDKROOT = iphoneos;
				SWIFT_ACTIVE_COMPILATION_CONDITIONS = DEBUG;
				SWIFT_OPTIMIZATION_LEVEL = "-Onone";
			};
			name = Debug;
		};
		811254ED1E96E0F600C8E0FA /* Release */ = {
			isa = XCBuildConfiguration;
			buildSettings = {
				ALWAYS_SEARCH_USER_PATHS = NO;
				CLANG_ANALYZER_NONNULL = YES;
				CLANG_CXX_LANGUAGE_STANDARD = "gnu++0x";
				CLANG_CXX_LIBRARY = "libc++";
				CLANG_ENABLE_MODULES = YES;
				CLANG_ENABLE_OBJC_ARC = YES;
				CLANG_WARN_BOOL_CONVERSION = YES;
				CLANG_WARN_CONSTANT_CONVERSION = YES;
				CLANG_WARN_DIRECT_OBJC_ISA_USAGE = YES_ERROR;
				CLANG_WARN_DOCUMENTATION_COMMENTS = YES;
				CLANG_WARN_EMPTY_BODY = YES;
				CLANG_WARN_ENUM_CONVERSION = YES;
				CLANG_WARN_INFINITE_RECURSION = YES;
				CLANG_WARN_INT_CONVERSION = YES;
				CLANG_WARN_OBJC_ROOT_CLASS = YES_ERROR;
				CLANG_WARN_SUSPICIOUS_MOVE = YES;
				CLANG_WARN_UNREACHABLE_CODE = YES;
				CLANG_WARN__DUPLICATE_METHOD_MATCH = YES;
				"CODE_SIGN_IDENTITY[sdk=iphoneos*]" = "iPhone Developer";
				COPY_PHASE_STRIP = NO;
				DEBUG_INFORMATION_FORMAT = "dwarf-with-dsym";
				ENABLE_NS_ASSERTIONS = NO;
				ENABLE_STRICT_OBJC_MSGSEND = YES;
				GCC_C_LANGUAGE_STANDARD = gnu99;
				GCC_NO_COMMON_BLOCKS = YES;
				GCC_WARN_64_TO_32_BIT_CONVERSION = YES;
				GCC_WARN_ABOUT_RETURN_TYPE = YES_ERROR;
				GCC_WARN_UNDECLARED_SELECTOR = YES;
				GCC_WARN_UNINITIALIZED_AUTOS = YES_AGGRESSIVE;
				GCC_WARN_UNUSED_FUNCTION = YES;
				GCC_WARN_UNUSED_VARIABLE = YES;
				IPHONEOS_DEPLOYMENT_TARGET = 10.2;
				MTL_ENABLE_DEBUG_INFO = NO;
				SDKROOT = iphoneos;
				SWIFT_OPTIMIZATION_LEVEL = "-Owholemodule";
				VALIDATE_PRODUCT = YES;
			};
			name = Release;
		};
		811254EF1E96E0F600C8E0FA /* Debug */ = {
			isa = XCBuildConfiguration;
			buildSettings = {
				ASSETCATALOG_COMPILER_APPICON_NAME = AppIcon;
				DEVELOPMENT_TEAM = NA985JN7DN;
				INFOPLIST_FILE = "Pact-iOS/Info.plist";
				LD_RUNPATH_SEARCH_PATHS = "$(inherited) @executable_path/Frameworks";
				PRODUCT_BUNDLE_IDENTIFIER = "com.application.pact.Pact-iOS";
				PRODUCT_NAME = "$(TARGET_NAME)";
				SWIFT_VERSION = 3.0;
			};
			name = Debug;
		};
		811254F01E96E0F600C8E0FA /* Release */ = {
			isa = XCBuildConfiguration;
			buildSettings = {
				ASSETCATALOG_COMPILER_APPICON_NAME = AppIcon;
				DEVELOPMENT_TEAM = NA985JN7DN;
				INFOPLIST_FILE = "Pact-iOS/Info.plist";
				LD_RUNPATH_SEARCH_PATHS = "$(inherited) @executable_path/Frameworks";
				PRODUCT_BUNDLE_IDENTIFIER = "com.application.pact.Pact-iOS";
				PRODUCT_NAME = "$(TARGET_NAME)";
				SWIFT_VERSION = 3.0;
			};
			name = Release;
		};
/* End XCBuildConfiguration section */

/* Begin XCConfigurationList section */
		811254D71E96E0F600C8E0FA /* Build configuration list for PBXProject "Pact-iOS" */ = {
			isa = XCConfigurationList;
			buildConfigurations = (
				811254EC1E96E0F600C8E0FA /* Debug */,
				811254ED1E96E0F600C8E0FA /* Release */,
			);
			defaultConfigurationIsVisible = 0;
			defaultConfigurationName = Release;
		};
		811254EE1E96E0F600C8E0FA /* Build configuration list for PBXNativeTarget "Pact-iOS" */ = {
			isa = XCConfigurationList;
			buildConfigurations = (
				811254EF1E96E0F600C8E0FA /* Debug */,
				811254F01E96E0F600C8E0FA /* Release */,
			);
			defaultConfigurationIsVisible = 0;
		};
/* End XCConfigurationList section */
	};
	rootObject = 811254D41E96E0F600C8E0FA /* Project object */;
}
